
Microsoft Visual Studio Solution File, Format Version 12.00
# Visual Studio Version 16
VisualStudioVersion = 16.0.31624.102
MinimumVisualStudioVersion = 10.0.40219.1
Project("{9A19103F-16F7-4668-BE54-9A1E7A4F7556}") = "MusicDataStore", "MusicDataStore\MusicDataStore.csproj", "{EFF7E921-DCB3-469D-95E8-6E6F351BFE34}"
EndProject
Global
	GlobalSection(SolutionConfigurationPlatforms) = preSolution
		Debug|Any CPU = Debug|Any CPU
		Release|Any CPU = Release|Any CPU
	EndGlobalSection
	GlobalSection(ProjectConfigurationPlatforms) = postSolution
		{EFF7E921-DCB3-469D-95E8-6E6F351BFE34}.Debug|Any CPU.ActiveCfg = Debug|Any CPU
		{EFF7E921-DCB3-469D-95E8-6E6F351BFE34}.Debug|Any CPU.Build.0 = Debug|Any CPU
		{EFF7E921-DCB3-469D-95E8-6E6F351BFE34}.Release|Any CPU.ActiveCfg = Release|Any CPU
		{EFF7E921-DCB3-469D-95E8-6E6F351BFE34}.Release|Any CPU.Build.0 = Release|Any CPU
	EndGlobalSection
	GlobalSection(SolutionProperties) = preSolution
		HideSolutionNode = FALSE
	EndGlobalSection
	GlobalSection(ExtensibilityGlobals) = postSolution
		SolutionGuid = {DBDA7152-EF1D-4F37-B722-86763A32025D}
	EndGlobalSection
EndGlobal
